
Microsoft Visual Studio Solution File, Format Version 12.00
# Visual Studio Version 16
VisualStudioVersion = 16.0.31729.503
MinimumVisualStudioVersion = 10.0.40219.1
Project("{FAE04EC0-301F-11D3-BF4B-00C04F79EFBC}") = "Vezbe1SBES", "Vezbe1SBES\Vezbe1SBES.csproj", "{42750273-04DF-406E-85A8-BB6400E3F3F7}"
EndProject
Project("{FAE04EC0-301F-11D3-BF4B-00C04F79EFBC}") = "Contract", "Contract\Contract.csproj", "{83AB70AB-3EDA-4CF2-9B46-E0D84CD23E2B}"
EndProject
Project("{FAE04EC0-301F-11D3-BF4B-00C04F79EFBC}") = "Client", "Client\Client.csproj", "{BA800D6F-F58E-42D7-B636-4CEA9F6FA9B4}"
EndProject
Global
	GlobalSection(SolutionConfigurationPlatforms) = preSolution
		Debug|Any CPU = Debug|Any CPU
		Release|Any CPU = Release|Any CPU
	EndGlobalSection
	GlobalSection(ProjectConfigurationPlatforms) = postSolution
		{42750273-04DF-406E-85A8-BB6400E3F3F7}.Debug|Any CPU.ActiveCfg = Debug|Any CPU
		{42750273-04DF-406E-85A8-BB6400E3F3F7}.Debug|Any CPU.Build.0 = Debug|Any CPU
		{42750273-04DF-406E-85A8-BB6400E3F3F7}.Release|Any CPU.ActiveCfg = Release|Any CPU
		{42750273-04DF-406E-85A8-BB6400E3F3F7}.Release|Any CPU.Build.0 = Release|Any CPU
		{83AB70AB-3EDA-4CF2-9B46-E0D84CD23E2B}.Debug|Any CPU.ActiveCfg = Debug|Any CPU
		{83AB70AB-3EDA-4CF2-9B46-E0D84CD23E2B}.Debug|Any CPU.Build.0 = Debug|Any CPU
		{83AB70AB-3EDA-4CF2-9B46-E0D84CD23E2B}.Release|Any CPU.ActiveCfg = Release|Any CPU
		{83AB70AB-3EDA-4CF2-9B46-E0D84CD23E2B}.Release|Any CPU.Build.0 = Release|Any CPU
		{BA800D6F-F58E-42D7-B636-4CEA9F6FA9B4}.Debug|Any CPU.ActiveCfg = Debug|Any CPU
		{BA800D6F-F58E-42D7-B636-4CEA9F6FA9B4}.Debug|Any CPU.Build.0 = Debug|Any CPU
		{BA800D6F-F58E-42D7-B636-4CEA9F6FA9B4}.Release|Any CPU.ActiveCfg = Release|Any CPU
		{BA800D6F-F58E-42D7-B636-4CEA9F6FA9B4}.Release|Any CPU.Build.0 = Release|Any CPU
	EndGlobalSection
	GlobalSection(SolutionProperties) = preSolution
		HideSolutionNode = FALSE
	EndGlobalSection
	GlobalSection(ExtensibilityGlobals) = postSolution
		SolutionGuid = {CC265E74-9AA6-41F3-8A53-6B256AB444DB}
	EndGlobalSection
EndGlobal
